
Microsoft Visual Studio Solution File, Format Version 12.00
# Visual Studio Version 17
VisualStudioVersion = 17.6.33829.357
MinimumVisualStudioVersion = 10.0.40219.1
Project("{9A19103F-16F7-4668-BE54-9A1E7A4F7556}") = "ConsoleApp1", "ConsoleApp1\ConsoleApp1.csproj", "{FAB76E08-8DD5-43E6-A1FE-8B9180CC34FB}"
EndProject
Project("{9A19103F-16F7-4668-BE54-9A1E7A4F7556}") = "TerningSpil", "TerningSpil\TerningSpil.csproj", "{72619927-A33E-4447-929A-94A6E1D7DB32}"
EndProject
Project("{9A19103F-16F7-4668-BE54-9A1E7A4F7556}") = "ClassLibrary1", "ClassLibrary1\ClassLibrary1.csproj", "{797AA3D8-1F92-43F1-BB39-7BA0F3079706}"
EndProject
Global
	GlobalSection(SolutionConfigurationPlatforms) = preSolution
		Debug|Any CPU = Debug|Any CPU
		Release|Any CPU = Release|Any CPU
	EndGlobalSection
	GlobalSection(ProjectConfigurationPlatforms) = postSolution
		{FAB76E08-8DD5-43E6-A1FE-8B9180CC34FB}.Debug|Any CPU.ActiveCfg = Debug|Any CPU
		{FAB76E08-8DD5-43E6-A1FE-8B9180CC34FB}.Debug|Any CPU.Build.0 = Debug|Any CPU
		{FAB76E08-8DD5-43E6-A1FE-8B9180CC34FB}.Release|Any CPU.ActiveCfg = Release|Any CPU
		{FAB76E08-8DD5-43E6-A1FE-8B9180CC34FB}.Release|Any CPU.Build.0 = Release|Any CPU
		{72619927-A33E-4447-929A-94A6E1D7DB32}.Debug|Any CPU.ActiveCfg = Debug|Any CPU
		{72619927-A33E-4447-929A-94A6E1D7DB32}.Debug|Any CPU.Build.0 = Debug|Any CPU
		{72619927-A33E-4447-929A-94A6E1D7DB32}.Release|Any CPU.ActiveCfg = Release|Any CPU
		{72619927-A33E-4447-929A-94A6E1D7DB32}.Release|Any CPU.Build.0 = Release|Any CPU
		{797AA3D8-1F92-43F1-BB39-7BA0F3079706}.Debug|Any CPU.ActiveCfg = Debug|Any CPU
		{797AA3D8-1F92-43F1-BB39-7BA0F3079706}.Debug|Any CPU.Build.0 = Debug|Any CPU
		{797AA3D8-1F92-43F1-BB39-7BA0F3079706}.Release|Any CPU.ActiveCfg = Release|Any CPU
		{797AA3D8-1F92-43F1-BB39-7BA0F3079706}.Release|Any CPU.Build.0 = Release|Any CPU
	EndGlobalSection
	GlobalSection(SolutionProperties) = preSolution
		HideSolutionNode = FALSE
	EndGlobalSection
	GlobalSection(ExtensibilityGlobals) = postSolution
		SolutionGuid = {CC55A6A4-3D29-4DF4-8B8F-1E0C407CAD70}
	EndGlobalSection
EndGlobal
